
Microsoft Visual Studio Solution File, Format Version 12.00
# Visual Studio Version 17
VisualStudioVersion = 17.5.33516.290
MinimumVisualStudioVersion = 10.0.40219.1
Project("{9A19103F-16F7-4668-BE54-9A1E7A4F7556}") = "Obligatorio_LogicaNegocio", "ObligatorioP3\Obligatorio_LogicaNegocio.csproj", "{1FD92C1A-D140-4E95-ACC6-A60BF0632CCA}"
EndProject
Project("{9A19103F-16F7-4668-BE54-9A1E7A4F7556}") = "Obligatorio_Aplicacion", "Obligatorio_Aplicacion\Obligatorio_Aplicacion.csproj", "{53B743CF-9785-4C3E-9D3A-601FA50AD999}"
EndProject
Project("{9A19103F-16F7-4668-BE54-9A1E7A4F7556}") = "Obligatorio_MVC", "Obligatorio_MVC\Obligatorio_MVC.csproj", "{60366558-0AA7-4C9B-A05A-A3AF598DABA2}"
EndProject
Project("{9A19103F-16F7-4668-BE54-9A1E7A4F7556}") = "Obligatorio_AccesoDatos", "Obligatorio_AccesoDatos\Obligatorio_AccesoDatos.csproj", "{56E9A47B-F3E4-462C-A9B4-CDEE8D21A717}"
EndProject
Project("{FAE04EC0-301F-11D3-BF4B-00C04F79EFBC}") = "Web API", "Web API\Web API.csproj", "{226F07B0-3505-4E25-926D-9F28D3CFB7B4}"
EndProject
Global
	GlobalSection(SolutionConfigurationPlatforms) = preSolution
		Debug|Any CPU = Debug|Any CPU
		Release|Any CPU = Release|Any CPU
	EndGlobalSection
	GlobalSection(ProjectConfigurationPlatforms) = postSolution
		{1FD92C1A-D140-4E95-ACC6-A60BF0632CCA}.Debug|Any CPU.ActiveCfg = Debug|Any CPU
		{1FD92C1A-D140-4E95-ACC6-A60BF0632CCA}.Debug|Any CPU.Build.0 = Debug|Any CPU
		{1FD92C1A-D140-4E95-ACC6-A60BF0632CCA}.Release|Any CPU.ActiveCfg = Release|Any CPU
		{1FD92C1A-D140-4E95-ACC6-A60BF0632CCA}.Release|Any CPU.Build.0 = Release|Any CPU
		{53B743CF-9785-4C3E-9D3A-601FA50AD999}.Debug|Any CPU.ActiveCfg = Debug|Any CPU
		{53B743CF-9785-4C3E-9D3A-601FA50AD999}.Debug|Any CPU.Build.0 = Debug|Any CPU
		{53B743CF-9785-4C3E-9D3A-601FA50AD999}.Release|Any CPU.ActiveCfg = Release|Any CPU
		{53B743CF-9785-4C3E-9D3A-601FA50AD999}.Release|Any CPU.Build.0 = Release|Any CPU
		{60366558-0AA7-4C9B-A05A-A3AF598DABA2}.Debug|Any CPU.ActiveCfg = Debug|Any CPU
		{60366558-0AA7-4C9B-A05A-A3AF598DABA2}.Debug|Any CPU.Build.0 = Debug|Any CPU
		{60366558-0AA7-4C9B-A05A-A3AF598DABA2}.Release|Any CPU.ActiveCfg = Release|Any CPU
		{60366558-0AA7-4C9B-A05A-A3AF598DABA2}.Release|Any CPU.Build.0 = Release|Any CPU
		{56E9A47B-F3E4-462C-A9B4-CDEE8D21A717}.Debug|Any CPU.ActiveCfg = Debug|Any CPU
		{56E9A47B-F3E4-462C-A9B4-CDEE8D21A717}.Debug|Any CPU.Build.0 = Debug|Any CPU
		{56E9A47B-F3E4-462C-A9B4-CDEE8D21A717}.Release|Any CPU.ActiveCfg = Release|Any CPU
		{56E9A47B-F3E4-462C-A9B4-CDEE8D21A717}.Release|Any CPU.Build.0 = Release|Any CPU
		{226F07B0-3505-4E25-926D-9F28D3CFB7B4}.Debug|Any CPU.ActiveCfg = Debug|Any CPU
		{226F07B0-3505-4E25-926D-9F28D3CFB7B4}.Debug|Any CPU.Build.0 = Debug|Any CPU
		{226F07B0-3505-4E25-926D-9F28D3CFB7B4}.Release|Any CPU.ActiveCfg = Release|Any CPU
		{226F07B0-3505-4E25-926D-9F28D3CFB7B4}.Release|Any CPU.Build.0 = Release|Any CPU
	EndGlobalSection
	GlobalSection(SolutionProperties) = preSolution
		HideSolutionNode = FALSE
	EndGlobalSection
	GlobalSection(ExtensibilityGlobals) = postSolution
		SolutionGuid = {FECBADA4-C06E-4C9B-80C9-DB9A078F2F3A}
	EndGlobalSection
EndGlobal
